github.com/aquasecurity/libbpfgo v0.1.1 h1:j/ipxI/l20lu5Tosn0o9JYj7bD3Cwzi18jIEEu3rMvQ=
github.com/aquasecurity/libbpfgo v0.1.1/go.mod h1:/+clceXE103FaXvVTIY2HAkQjxNtkra4DRWvZYr2SKw=
github.com/aquasecurity/libbpfgo v0.4.3-libbpf-1.0.1 h1:xDHt+EJM/EJt9BXS2YheZNuynT/QNdraL/LHSSpdOxg=
github.com/aquasecurity/libbpfgo v0.4.3-libbpf-1.0.1/go.mod h1:v+Nk+v6BtHLfdT4kVdsp+fYt4AeUa3cIG2P0y+nBuuY=
github.com/aquasecurity/libbpfgo v0.4.5-libbpf-1.0.1 h1:Et7WT8CEpaO03v7FIVk85GMRRbwjF7sgoBgQhH5T30k=
github.com/aquasecurity/libbpfgo v0.4.5-libbpf-1.0.1/go.mod h1:v+Nk+v6BtHLfdT4kVdsp+fYt4AeUa3cIG2P0y+nBuuY=
github.com/aquasecurity/libbpfgo/helpers v0.4.5 h1:eCoLclL3yqv4N9jqGL3T/ckrLPms2r13C4V2xtU75yc=
github.com/aquasecurity/libbpfgo/helpers v0.4.5/go.mod h1:j/TQLmsZpOIdF3CnJODzYngG4yu1YoDCoRMELxkQSSA=
github.com/aquasecurity/tracee/libbpfgo v0.0.0-20210120135515-7d2ce345dfca h1:oibleOqVmXmuag/wuOj6xyJDPNemtOc3QsKS3oozw/s=
github.com/aquasecurity/tracee/libbpfgo v0.0.0-20210120135515-7d2ce345dfca/go.mod h1:Ldem7RTRbX6bdTDxU2eYYvo7pPWYQbbc6rdGv0Ilyts=
github.com/aquasecurity/tracee/libbpfgo v0.0.0-20210130081938-febd3de75f55 h1:qlZfsrz4nQ8IcIu4AL/RGNSyh9f9oTigzDNz/0RhReE=
github.com/aquasecurity/tracee/libbpfgo v0.0.0-20210130081938-febd3de75f55/go.mod h1:Ldem7RTRbX6bdTDxU2eYYvo7pPWYQbbc6rdGv0Ilyts=
github.com/aquasecurity/tracee/libbpfgo v0.0.0-20210518164823-94530727cde4 h1:46arhhxBEYn4SaVliz7bZwVGRrdYUbiVEYNW0kESnnY=
github.com/aquasecurity/tracee/libbpfgo v0.0.0-20210518164823-94530727cde4/go.mod h1:PgXimFYUSx0PfQFRIyl770Jowy6O3r7iJOr39dt1bss=
github.com/davecgh/go-spew v1.1.0/go.mod h1:J7Y8YcW2NihsgmVo/mv3lAwl/skON4iLHjSsI+c5H38=
github.com/davecgh/go-spew v1.1.1/go.mod h1:J7Y8YcW2NihsgmVo/mv3lAwl/skON4iLHjSsI+c5H38=
github.com/pmezard/go-difflib v1.0.0/go.mod h1:iKH77koFhYxTK1pcRnkKkqfTogsbg7gZNVY4sRDYZ/4=
github.com/stretchr/objx v0.1.0/go.mod h1:HFkY916IF+rwdDfMAkV7OtwuqBVzrE8GR6GFx+wExME=
github.com/stretchr/objx v0.4.0/go.mod h1:YvHI0jy2hoMjB+UWwv71VJQ9isScKT/TqJzVSSt89Yw=
github.com/stretchr/testify v1.7.0/go.mod h1:6Fq8oRcR53rry900zMqJjRRixrwX3KX962/h/Wwjteg=
github.com/stretchr/testify v1.7.1/go.mod h1:6Fq8oRcR53rry900zMqJjRRixrwX3KX962/h/Wwjteg=
github.com/stretchr/testify v1.8.0/go.mod h1:yNjHg4UonilssWZ8iaSj1OCr/vHnekPRkoO+kdMU+MU=
golang.org/x/sys v0.0.0-20210324051608-47abb6519492 h1:Paq34FxTluEPvVyayQqMPgHm+vTOrIifmcYxFBx9TLg=
golang.org/x/sys v0.0.0-20210324051608-47abb6519492/go.mod h1:h1NjWce9XRLGQEsW7wpKNCjG9DtNlClVuFLEZdDNbEs=
golang.org/x/sys v0.0.0-20210514084401-e8d321eab015/go.mod h1:oPkhp1MJrh7nUepCBck5+mAzfO9JrbApNNgaTdGDITg=
golang.org/x/sys v0.4.0 h1:Zr2JFtRQNX3BCZ8YtxRE9hNJYC8J6I1MVbMg6owUp18=
golang.org/x/sys v0.4.0/go.mod h1:oPkhp1MJrh7nUepCBck5+mAzfO9JrbApNNgaTdGDITg=
gopkg.in/check.v1 v0.0.0-20161208181325-20d25e280405/go.mod h1:Co6ibVJAznAaIkqp8huTwlJQCZ016jof/cbN4VW5Yz0=
gopkg.in/yaml.v3 v3.0.0-20200313102051-9f266ea9e77c/go.mod h1:K4uyk7z7BCEPqu6E+C64Yfv1cQ7kz7rIZviUmN+EgEM=
gopkg.in/yaml.v3 v3.0.1/go.mod h1:K4uyk7z7BCEPqu6E+C64Yfv1cQ7kz7rIZviUmN+EgEM=
